{
  "name": "steward",
  "lockfileVersion": 3,
  "requires": true,
  "packages": {
    "": {
      "name": "steward",
      "devDependencies": {
        "cortex": "github:DiffCo/cortex#v0.2.1",
        "husky": "^9.1.7"
      },
      "engines": {
        "node": ">=24"
      }
    },
    "node_modules/cortex": {
      "version": "0.2.1",
      "resolved": "git+ssh://git@github.com/DiffCo/cortex.git#7b3b9a88ed4a9c6c5dd9e07876b776506e8c1472",
      "dev": true,
      "license": "UNLICENSED",
      "bin": {
        "cortex": "engine/cli.mjs",
        "cortex-docs-check": "engine/docs-check.mjs",
        "cortex-test-docs-check": "engine/test-docs-check.mjs"
      },
      "engines": {
        "node": ">=24"
      }
    },
    "node_modules/husky": {
      "version": "9.1.7",
      "dev": true,
      "license": "MIT",
      "bin": {
        "husky": "bin.js"
      },
      "engines": {
        "node": ">=18"
      },
      "funding": {
        "url": "https://github.com/sponsors/typicode"
      }
    }
  }
}
