{
  "name": "steward",
  "lockfileVersion": 3,
  "requires": true,
  "packages": {
    "": {
      "name": "steward",
      "devDependencies": {
        "cortex": "github:DiffCo/cortex#v0.20.1",
        "husky": "^9.1.7"
      },
      "engines": {
        "node": ">=24"
      }
    },
    "node_modules/cortex": {
      "version": "0.20.1",
      "resolved": "git+ssh://git@github.com/DiffCo/cortex.git#cb87ea5b21c35a2fafbdddb9cb0c44931ec42432",
      "dev": true,
      "license": "UNLICENSED",
      "bin": {
        "cortex": "dist/cli.js",
        "cortex-docs-check": "dist/docs-check.js"
      },
      "engines": {
        "node": ">=24"
      }
    },
    "node_modules/husky": {
      "version": "9.1.7",
      "dev": true,
      "license": "MIT",
      "bin": {
        "husky": "bin.js"
      },
      "engines": {
        "node": ">=18"
      },
      "funding": {
        "url": "https://github.com/sponsors/typicode"
      }
    }
  }
}
